
Microsoft Visual Studio Solution File, Format Version 12.00
# Visual Studio Version 17
VisualStudioVersion = 17.1.32228.430
MinimumVisualStudioVersion = 10.0.40219.1
Project("{FAE04EC0-301F-11D3-BF4B-00C04F79EFBC}") = "CheckerPiece", "CheckerPiece\CheckerPiece.csproj", "{C845709C-6CC9-459B-BB25-8CE970D4E275}"
EndProject
Project("{FAE04EC0-301F-11D3-BF4B-00C04F79EFBC}") = "CheckersEngine", "CheckersEngine\CheckersEngine.csproj", "{31EC20D5-0C63-4C90-824C-0D21DC94C40F}"
EndProject
Project("{FAE04EC0-301F-11D3-BF4B-00C04F79EFBC}") = "CheckersAI", "CheckersAI\CheckersAI.csproj", "{952F30C6-A948-463D-9FDD-39555A18290F}"
EndProject
Project("{FAE04EC0-301F-11D3-BF4B-00C04F79EFBC}") = "CheckersForm", "CheckersForm\CheckersForm.csproj", "{B874EBA4-5405-49A7-8042-8418117152DB}"
EndProject
Global
	GlobalSection(SolutionConfigurationPlatforms) = preSolution
		Debug|Any CPU = Debug|Any CPU
		Release|Any CPU = Release|Any CPU
	EndGlobalSection
	GlobalSection(ProjectConfigurationPlatforms) = postSolution
		{C845709C-6CC9-459B-BB25-8CE970D4E275}.Debug|Any CPU.ActiveCfg = Debug|Any CPU
		{C845709C-6CC9-459B-BB25-8CE970D4E275}.Debug|Any CPU.Build.0 = Debug|Any CPU
		{C845709C-6CC9-459B-BB25-8CE970D4E275}.Release|Any CPU.ActiveCfg = Release|Any CPU
		{C845709C-6CC9-459B-BB25-8CE970D4E275}.Release|Any CPU.Build.0 = Release|Any CPU
		{31EC20D5-0C63-4C90-824C-0D21DC94C40F}.Debug|Any CPU.ActiveCfg = Debug|Any CPU
		{31EC20D5-0C63-4C90-824C-0D21DC94C40F}.Debug|Any CPU.Build.0 = Debug|Any CPU
		{31EC20D5-0C63-4C90-824C-0D21DC94C40F}.Release|Any CPU.ActiveCfg = Release|Any CPU
		{31EC20D5-0C63-4C90-824C-0D21DC94C40F}.Release|Any CPU.Build.0 = Release|Any CPU
		{952F30C6-A948-463D-9FDD-39555A18290F}.Debug|Any CPU.ActiveCfg = Debug|Any CPU
		{952F30C6-A948-463D-9FDD-39555A18290F}.Debug|Any CPU.Build.0 = Debug|Any CPU
		{952F30C6-A948-463D-9FDD-39555A18290F}.Release|Any CPU.ActiveCfg = Release|Any CPU
		{952F30C6-A948-463D-9FDD-39555A18290F}.Release|Any CPU.Build.0 = Release|Any CPU
		{B874EBA4-5405-49A7-8042-8418117152DB}.Debug|Any CPU.ActiveCfg = Debug|Any CPU
		{B874EBA4-5405-49A7-8042-8418117152DB}.Debug|Any CPU.Build.0 = Debug|Any CPU
		{B874EBA4-5405-49A7-8042-8418117152DB}.Release|Any CPU.ActiveCfg = Release|Any CPU
		{B874EBA4-5405-49A7-8042-8418117152DB}.Release|Any CPU.Build.0 = Release|Any CPU
	EndGlobalSection
	GlobalSection(SolutionProperties) = preSolution
		HideSolutionNode = FALSE
	EndGlobalSection
	GlobalSection(ExtensibilityGlobals) = postSolution
		SolutionGuid = {E370C74F-FC9E-4AFE-A717-4C70A6688BF1}
	EndGlobalSection
EndGlobal
